// !$*UTF8*$!
{
	archiveVersion = 1;
	classes = {
	};
	objectVersion = 46;
	objects = {

/* Begin PBXBuildFile section */
		496C7F791CFB2AE700047906 /* main.m in Sources */ = {isa = PBXBuildFile; fileRef = 496C7F781CFB2AE700047906 /* main.m */; };
		496C7F7C1CFB2AE700047906 /* AppDelegate.m in Sources */ = {isa = PBXBuildFile; fileRef = 496C7F7B1CFB2AE700047906 /* AppDelegate.m */; };
		496C7F7F1CFB2AE700047906 /* ViewController.m in Sources */ = {isa = PBXBuildFile; fileRef = 496C7F7E1CFB2AE700047906 /* ViewController.m */; };
		496C7F821CFB2AE700047906 /* Main.storyboard in Resources */ = {isa = PBXBuildFile; fileRef = 496C7F801CFB2AE700047906 /* Main.storyboard */; };
		496C7F841CFB2AE700047906 /* Assets.xcassets in Resources */ = {isa = PBXBuildFile; fileRef = 496C7F831CFB2AE700047906 /* Assets.xcassets */; };
		496C7F871CFB2AE700047906 /* LaunchScreen.storyboard in Resources */ = {isa = PBXBuildFile; fileRef = 496C7F851CFB2AE700047906 /* LaunchScreen.storyboard */; };
		496C7FA61CFB2E5F00047906 /* NSArray+CZAddition.m in Sources */ = {isa = PBXBuildFile; fileRef = 496C7F911CFB2E5F00047906 /* NSArray+CZAddition.m */; };
		496C7FA71CFB2E5F00047906 /* NSArray+Log.m in Sources */ = {isa = PBXBuildFile; fileRef = 496C7F931CFB2E5F00047906 /* NSArray+Log.m */; };
		496C7FA81CFB2E5F00047906 /* NSAttributedString+CZAdditon.m in Sources */ = {isa = PBXBuildFile; fileRef = 496C7F951CFB2E5F00047906 /* NSAttributedString+CZAdditon.m */; };
		496C7FA91CFB2E5F00047906 /* NSObject+CZAddition.m in Sources */ = {isa = PBXBuildFile; fileRef = 496C7F971CFB2E5F00047906 /* NSObject+CZAddition.m */; };
		496C7FAA1CFB2E5F00047906 /* NSString+Hash.m in Sources */ = {isa = PBXBuildFile; fileRef = 496C7F991CFB2E5F00047906 /* NSString+Hash.m */; };
		496C7FAB1CFB2E5F00047906 /* UIButton+CZAddition.m in Sources */ = {isa = PBXBuildFile; fileRef = 496C7F9B1CFB2E5F00047906 /* UIButton+CZAddition.m */; };
		496C7FAC1CFB2E5F00047906 /* UIColor+CZAddition.m in Sources */ = {isa = PBXBuildFile; fileRef = 496C7F9D1CFB2E5F00047906 /* UIColor+CZAddition.m */; };
		496C7FAD1CFB2E5F00047906 /* UILabel+CZAddition.m in Sources */ = {isa = PBXBuildFile; fileRef = 496C7F9F1CFB2E5F00047906 /* UILabel+CZAddition.m */; };
		496C7FAE1CFB2E5F00047906 /* UIScreen+CZAddition.m in Sources */ = {isa = PBXBuildFile; fileRef = 496C7FA11CFB2E5F00047906 /* UIScreen+CZAddition.m */; };
		496C7FAF1CFB2E5F00047906 /* UIView+CZAddition.m in Sources */ = {isa = PBXBuildFile; fileRef = 496C7FA31CFB2E5F00047906 /* UIView+CZAddition.m */; };
		496C7FB01CFB2E5F00047906 /* UIViewController+CZAddition.m in Sources */ = {isa = PBXBuildFile; fileRef = 496C7FA51CFB2E5F00047906 /* UIViewController+CZAddition.m */; };
		496C7FB31CFB2F5A00047906 /* AppInfo.m in Sources */ = {isa = PBXBuildFile; fileRef = 496C7FB21CFB2F5A00047906 /* AppInfo.m */; };
		496C7FB71CFB302C00047906 /* AppInfoCell.m in Sources */ = {isa = PBXBuildFile; fileRef = 496C7FB51CFB302C00047906 /* AppInfoCell.m */; };
		496C7FB81CFB302C00047906 /* AppInfoCell.xib in Resources */ = {isa = PBXBuildFile; fileRef = 496C7FB61CFB302C00047906 /* AppInfoCell.xib */; };
		496C7FEA1CFB30B900047906 /* AFHTTPSessionManager.m in Sources */ = {isa = PBXBuildFile; fileRef = 496C7FBC1CFB30B900047906 /* AFHTTPSessionManager.m */; };
		496C7FEB1CFB30B900047906 /* AFNetworkReachabilityManager.m in Sources */ = {isa = PBXBuildFile; fileRef = 496C7FBF1CFB30B900047906 /* AFNetworkReachabilityManager.m */; };
		496C7FEC1CFB30B900047906 /* AFSecurityPolicy.m in Sources */ = {isa = PBXBuildFile; fileRef = 496C7FC11CFB30B900047906 /* AFSecurityPolicy.m */; };
		496C7FED1CFB30B900047906 /* AFURLRequestSerialization.m in Sources */ = {isa = PBXBuildFile; fileRef = 496C7FC31CFB30B900047906 /* AFURLRequestSerialization.m */; };
		496C7FEE1CFB30B900047906 /* AFURLResponseSerialization.m in Sources */ = {isa = PBXBuildFile; fileRef = 496C7FC51CFB30B900047906 /* AFURLResponseSerialization.m */; };
		496C7FEF1CFB30B900047906 /* AFURLSessionManager.m in Sources */ = {isa = PBXBuildFile; fileRef = 496C7FC71CFB30B900047906 /* AFURLSessionManager.m */; };
		496C7FF01CFB30B900047906 /* MKAnnotationView+WebCache.m in Sources */ = {isa = PBXBuildFile; fileRef = 496C7FCA1CFB30B900047906 /* MKAnnotationView+WebCache.m */; };
		496C7FF11CFB30B900047906 /* NSData+ImageContentType.m in Sources */ = {isa = PBXBuildFile; fileRef = 496C7FCC1CFB30B900047906 /* NSData+ImageContentType.m */; };
		496C7FF21CFB30B900047906 /* SDImageCache.m in Sources */ = {isa = PBXBuildFile; fileRef = 496C7FCE1CFB30B900047906 /* SDImageCache.m */; };
		496C7FF31CFB30B900047906 /* SDWebImageCompat.m in Sources */ = {isa = PBXBuildFile; fileRef = 496C7FD01CFB30B900047906 /* SDWebImageCompat.m */; };
		496C7FF41CFB30B900047906 /* SDWebImageDecoder.m in Sources */ = {isa = PBXBuildFile; fileRef = 496C7FD21CFB30B900047906 /* SDWebImageDecoder.m */; };
		496C7FF51CFB30B900047906 /* SDWebImageDownloader.m in Sources */ = {isa = PBXBuildFile; fileRef = 496C7FD41CFB30B900047906 /* SDWebImageDownloader.m */; };
		496C7FF61CFB30B900047906 /* SDWebImageDownloaderOperation.m in Sources */ = {isa = PBXBuildFile; fileRef = 496C7FD61CFB30B900047906 /* SDWebImageDownloaderOperation.m */; };
		496C7FF71CFB30B900047906 /* SDWebImageManager.m in Sources */ = {isa = PBXBuildFile; fileRef = 496C7FD81CFB30B900047906 /* SDWebImageManager.m */; };
		496C7FF81CFB30B900047906 /* SDWebImagePrefetcher.m in Sources */ = {isa = PBXBuildFile; fileRef = 496C7FDB1CFB30B900047906 /* SDWebImagePrefetcher.m */; };
		496C7FF91CFB30B900047906 /* UIButton+WebCache.m in Sources */ = {isa = PBXBuildFile; fileRef = 496C7FDD1CFB30B900047906 /* UIButton+WebCache.m */; };
		496C7FFA1CFB30B900047906 /* UIImage+GIF.m in Sources */ = {isa = PBXBuildFile; fileRef = 496C7FDF1CFB30B900047906 /* UIImage+GIF.m */; };
		496C7FFB1CFB30B900047906 /* UIImage+MultiFormat.m in Sources */ = {isa = PBXBuildFile; fileRef = 496C7FE11CFB30B900047906 /* UIImage+MultiFormat.m */; };
		496C7FFC1CFB30B900047906 /* UIImage+WebP.m in Sources */ = {isa = PBXBuildFile; fileRef = 496C7FE31CFB30B900047906 /* UIImage+WebP.m */; };
		496C7FFD1CFB30B900047906 /* UIImageView+HighlightedWebCache.m in Sources */ = {isa = PBXBuildFile; fileRef = 496C7FE51CFB30B900047906 /* UIImageView+HighlightedWebCache.m */; };
		496C7FFE1CFB30B900047906 /* UIImageView+WebCache.m in Sources */ = {isa = PBXBuildFile; fileRef = 496C7FE71CFB30B900047906 /* UIImageView+WebCache.m */; };
		496C7FFF1CFB30B900047906 /* UIView+WebCacheOperation.m in Sources */ = {isa = PBXBuildFile; fileRef = 496C7FE91CFB30B900047906 /* UIView+WebCacheOperation.m */; };
/* End PBXBuildFile section */

/* Begin PBXFileReference section */
		496C7F741CFB2AE700047906 /* 异步加载图像.app */ = {isa = PBXFileReference; explicitFileType = wrapper.application; includeInIndex = 0; path = "异步加载图像.app"; sourceTree = BUILT_PRODUCTS_DIR; };
		496C7F781CFB2AE700047906 /* main.m */ = {isa = PBXFileReference; lastKnownFileType = sourcecode.c.objc; path = main.m; sourceTree = "<group>"; };
		496C7F7A1CFB2AE700047906 /* AppDelegate.h */ = {isa = PBXFileReference; lastKnownFileType = sourcecode.c.h; path = AppDelegate.h; sourceTree = "<group>"; };
		496C7F7B1CFB2AE700047906 /* AppDelegate.m */ = {isa = PBXFileReference; lastKnownFileType = sourcecode.c.objc; path = AppDelegate.m; sourceTree = "<group>"; };
		496C7F7D1CFB2AE700047906 /* ViewController.h */ = {isa = PBXFileReference; lastKnownFileType = sourcecode.c.h; path = ViewController.h; sourceTree = "<group>"; };
		496C7F7E1CFB2AE700047906 /* ViewController.m */ = {isa = PBXFileReference; lastKnownFileType = sourcecode.c.objc; path = ViewController.m; sourceTree = "<group>"; };
		496C7F811CFB2AE700047906 /* Base */ = {isa = PBXFileReference; lastKnownFileType = file.storyboard; name = Base; path = Base.lproj/Main.storyboard; sourceTree = "<group>"; };
		496C7F831CFB2AE700047906 /* Assets.xcassets */ = {isa = PBXFileReference; lastKnownFileType = folder.assetcatalog; path = Assets.xcassets; sourceTree = "<group>"; };
		496C7F861CFB2AE700047906 /* Base */ = {isa = PBXFileReference; lastKnownFileType = file.storyboard; name = Base; path = Base.lproj/LaunchScreen.storyboard; sourceTree = "<group>"; };
		496C7F881CFB2AE700047906 /* Info.plist */ = {isa = PBXFileReference; lastKnownFileType = text.plist.xml; path = Info.plist; sourceTree = "<group>"; };
		496C7F8F1CFB2E5F00047906 /* CZAdditions.h */ = {isa = PBXFileReference; fileEncoding = 4; lastKnownFileType = sourcecode.c.h; path = CZAdditions.h; sourceTree = "<group>"; };
		496C7F901CFB2E5F00047906 /* NSArray+CZAddition.h */ = {isa = PBXFileReference; fileEncoding = 4; lastKnownFileType = sourcecode.c.h; path = "NSArray+CZAddition.h"; sourceTree = "<group>"; };
		496C7F911CFB2E5F00047906 /* NSArray+CZAddition.m */ = {isa = PBXFileReference; fileEncoding = 4; lastKnownFileType = sourcecode.c.objc; path = "NSArray+CZAddition.m"; sourceTree = "<group>"; };
		496C7F921CFB2E5F00047906 /* NSArray+Log.h */ = {isa = PBXFileReference; fileEncoding = 4; lastKnownFileType = sourcecode.c.h; path = "NSArray+Log.h"; sourceTree = "<group>"; };
		496C7F931CFB2E5F00047906 /* NSArray+Log.m */ = {isa = PBXFileReference; fileEncoding = 4; lastKnownFileType = sourcecode.c.objc; path = "NSArray+Log.m"; sourceTree = "<group>"; };
		496C7F941CFB2E5F00047906 /* NSAttributedString+CZAdditon.h */ = {isa = PBXFileReference; fileEncoding = 4; lastKnownFileType = sourcecode.c.h; path = "NSAttributedString+CZAdditon.h"; sourceTree = "<group>"; };
		496C7F951CFB2E5F00047906 /* NSAttributedString+CZAdditon.m */ = {isa = PBXFileReference; fileEncoding = 4; lastKnownFileType = sourcecode.c.objc; path = "NSAttributedString+CZAdditon.m"; sourceTree = "<group>"; };
		496C7F961CFB2E5F00047906 /* NSObject+CZAddition.h */ = {isa = PBXFileReference; fileEncoding = 4; lastKnownFileType = sourcecode.c.h; path = "NSObject+CZAddition.h"; sourceTree = "<group>"; };
		496C7F971CFB2E5F00047906 /* NSObject+CZAddition.m */ = {isa = PBXFileReference; fileEncoding = 4; lastKnownFileType = sourcecode.c.objc; path = "NSObject+CZAddition.m"; sourceTree = "<group>"; };
		496C7F981CFB2E5F00047906 /* NSString+Hash.h */ = {isa = PBXFileReference; fileEncoding = 4; lastKnownFileType = sourcecode.c.h; path = "NSString+Hash.h"; sourceTree = "<group>"; };
		496C7F991CFB2E5F00047906 /* NSString+Hash.m */ = {isa = PBXFileReference; fileEncoding = 4; lastKnownFileType = sourcecode.c.objc; path = "NSString+Hash.m"; sourceTree = "<group>"; };
		496C7F9A1CFB2E5F00047906 /* UIButton+CZAddition.h */ = {isa = PBXFileReference; fileEncoding = 4; lastKnownFileType = sourcecode.c.h; path = "UIButton+CZAddition.h"; sourceTree = "<group>"; };
		496C7F9B1CFB2E5F00047906 /* UIButton+CZAddition.m */ = {isa = PBXFileReference; fileEncoding = 4; lastKnownFileType = sourcecode.c.objc; path = "UIButton+CZAddition.m"; sourceTree = "<group>"; };
		496C7F9C1CFB2E5F00047906 /* UIColor+CZAddition.h */ = {isa = PBXFileReference; fileEncoding = 4; lastKnownFileType = sourcecode.c.h; path = "UIColor+CZAddition.h"; sourceTree = "<group>"; };
		496C7F9D1CFB2E5F00047906 /* UIColor+CZAddition.m */ = {isa = PBXFileReference; fileEncoding = 4; lastKnownFileType = sourcecode.c.objc; path = "UIColor+CZAddition.m"; sourceTree = "<group>"; };
		496C7F9E1CFB2E5F00047906 /* UILabel+CZAddition.h */ = {isa = PBXFileReference; fileEncoding = 4; lastKnownFileType = sourcecode.c.h; path = "UILabel+CZAddition.h"; sourceTree = "<group>"; };
		496C7F9F1CFB2E5F00047906 /* UILabel+CZAddition.m */ = {isa = PBXFileReference; fileEncoding = 4; lastKnownFileType = sourcecode.c.objc; path = "UILabel+CZAddition.m"; sourceTree = "<group>"; };
		496C7FA01CFB2E5F00047906 /* UIScreen+CZAddition.h */ = {isa = PBXFileReference; fileEncoding = 4; lastKnownFileType = sourcecode.c.h; path = "UIScreen+CZAddition.h"; sourceTree = "<group>"; };
		496C7FA11CFB2E5F00047906 /* UIScreen+CZAddition.m */ = {isa = PBXFileReference; fileEncoding = 4; lastKnownFileType = sourcecode.c.objc; path = "UIScreen+CZAddition.m"; sourceTree = "<group>"; };
		496C7FA21CFB2E5F00047906 /* UIView+CZAddition.h */ = {isa = PBXFileReference; fileEncoding = 4; lastKnownFileType = sourcecode.c.h; path = "UIView+CZAddition.h"; sourceTree = "<group>"; };
		496C7FA31CFB2E5F00047906 /* UIView+CZAddition.m */ = {isa = PBXFileReference; fileEncoding = 4; lastKnownFileType = sourcecode.c.objc; path = "UIView+CZAddition.m"; sourceTree = "<group>"; };
		496C7FA41CFB2E5F00047906 /* UIViewController+CZAddition.h */ = {isa = PBXFileReference; fileEncoding = 4; lastKnownFileType = sourcecode.c.h; path = "UIViewController+CZAddition.h"; sourceTree = "<group>"; };
		496C7FA51CFB2E5F00047906 /* UIViewController+CZAddition.m */ = {isa = PBXFileReference; fileEncoding = 4; lastKnownFileType = sourcecode.c.objc; path = "UIViewController+CZAddition.m"; sourceTree = "<group>"; };
		496C7FB11CFB2F5A00047906 /* AppInfo.h */ = {isa = PBXFileReference; fileEncoding = 4; lastKnownFileType = sourcecode.c.h; path = AppInfo.h; sourceTree = "<group>"; };
		496C7FB21CFB2F5A00047906 /* AppInfo.m */ = {isa = PBXFileReference; fileEncoding = 4; lastKnownFileType = sourcecode.c.objc; path = AppInfo.m; sourceTree = "<group>"; };
		496C7FB41CFB302C00047906 /* AppInfoCell.h */ = {isa = PBXFileReference; fileEncoding = 4; lastKnownFileType = sourcecode.c.h; path = AppInfoCell.h; sourceTree = "<group>"; };
		496C7FB51CFB302C00047906 /* AppInfoCell.m */ = {isa = PBXFileReference; fileEncoding = 4; lastKnownFileType = sourcecode.c.objc; path = AppInfoCell.m; sourceTree = "<group>"; };
		496C7FB61CFB302C00047906 /* AppInfoCell.xib */ = {isa = PBXFileReference; fileEncoding = 4; lastKnownFileType = file.xib; path = AppInfoCell.xib; sourceTree = "<group>"; };
		496C7FBB1CFB30B900047906 /* AFHTTPSessionManager.h */ = {isa = PBXFileReference; fileEncoding = 4; lastKnownFileType = sourcecode.c.h; path = AFHTTPSessionManager.h; sourceTree = "<group>"; };
		496C7FBC1CFB30B900047906 /* AFHTTPSessionManager.m */ = {isa = PBXFileReference; fileEncoding = 4; lastKnownFileType = sourcecode.c.objc; path = AFHTTPSessionManager.m; sourceTree = "<group>"; };
		496C7FBD1CFB30B900047906 /* AFNetworking.h */ = {isa = PBXFileReference; fileEncoding = 4; lastKnownFileType = sourcecode.c.h; path = AFNetworking.h; sourceTree = "<group>"; };
		496C7FBE1CFB30B900047906 /* AFNetworkReachabilityManager.h */ = {isa = PBXFileReference; fileEncoding = 4; lastKnownFileType = sourcecode.c.h; path = AFNetworkReachabilityManager.h; sourceTree = "<group>"; };
		496C7FBF1CFB30B900047906 /* AFNetworkReachabilityManager.m */ = {isa = PBXFileReference; fileEncoding = 4; lastKnownFileType = sourcecode.c.objc; path = AFNetworkReachabilityManager.m; sourceTree = "<group>"; };
		496C7FC01CFB30B900047906 /* AFSecurityPolicy.h */ = {isa = PBXFileReference; fileEncoding = 4; lastKnownFileType = sourcecode.c.h; path = AFSecurityPolicy.h; sourceTree = "<group>"; };
		496C7FC11CFB30B900047906 /* AFSecurityPolicy.m */ = {isa = PBXFileReference; fileEncoding = 4; lastKnownFileType = sourcecode.c.objc; path = AFSecurityPolicy.m; sourceTree = "<group>"; };
		496C7FC21CFB30B900047906 /* AFURLRequestSerialization.h */ = {isa = PBXFileReference; fileEncoding = 4; lastKnownFileType = sourcecode.c.h; path = AFURLRequestSerialization.h; sourceTree = "<group>"; };
		496C7FC31CFB30B900047906 /* AFURLRequestSerialization.m */ = {isa = PBXFileReference; fileEncoding = 4; lastKnownFileType = sourcecode.c.objc; path = AFURLRequestSerialization.m; sourceTree = "<group>"; };
		496C7FC41CFB30B900047906 /* AFURLResponseSerialization.h */ = {isa = PBXFileReference; fileEncoding = 4; lastKnownFileType = sourcecode.c.h; path = AFURLResponseSerialization.h; sourceTree = "<group>"; };
		496C7FC51CFB30B900047906 /* AFURLResponseSerialization.m */ = {isa = PBXFileReference; fileEncoding = 4; lastKnownFileType = sourcecode.c.objc; path = AFURLResponseSerialization.m; sourceTree = "<group>"; };
		496C7FC61CFB30B900047906 /* AFURLSessionManager.h */ = {isa = PBXFileReference; fileEncoding = 4; lastKnownFileType = sourcecode.c.h; path = AFURLSessionManager.h; sourceTree = "<group>"; };
		496C7FC71CFB30B900047906 /* AFURLSessionManager.m */ = {isa = PBXFileReference; fileEncoding = 4; lastKnownFileType = sourcecode.c.objc; path = AFURLSessionManager.m; sourceTree = "<group>"; };
		496C7FC91CFB30B900047906 /* MKAnnotationView+WebCache.h */ = {isa = PBXFileReference; fileEncoding = 4; lastKnownFileType = sourcecode.c.h; path = "MKAnnotationView+WebCache.h"; sourceTree = "<group>"; };
		496C7FCA1CFB30B900047906 /* MKAnnotationView+WebCache.m */ = {isa = PBXFileReference; fileEncoding = 4; lastKnownFileType = sourcecode.c.objc; path = "MKAnnotationView+WebCache.m"; sourceTree = "<group>"; };
		496C7FCB1CFB30B900047906 /* NSData+ImageContentType.h */ = {isa = PBXFileReference; fileEncoding = 4; lastKnownFileType = sourcecode.c.h; path = "NSData+ImageContentType.h"; sourceTree = "<group>"; };
		496C7FCC1CFB30B900047906 /* NSData+ImageContentType.m */ = {isa = PBXFileReference; fileEncoding = 4; lastKnownFileType = sourcecode.c.objc; path = "NSData+ImageContentType.m"; sourceTree = "<group>"; };
		496C7FCD1CFB30B900047906 /* SDImageCache.h */ = {isa = PBXFileReference; fileEncoding = 4; lastKnownFileType = sourcecode.c.h; path = SDImageCache.h; sourceTree = "<group>"; };
		496C7FCE1CFB30B900047906 /* SDImageCache.m */ = {isa = PBXFileReference; fileEncoding = 4; lastKnownFileType = sourcecode.c.objc; path = SDImageCache.m; sourceTree = "<group>"; };
		496C7FCF1CFB30B900047906 /* SDWebImageCompat.h */ = {isa = PBXFileReference; fileEncoding = 4; lastKnownFileType = sourcecode.c.h; path = SDWebImageCompat.h; sourceTree = "<group>"; };
		496C7FD01CFB30B900047906 /* SDWebImageCompat.m */ = {isa = PBXFileReference; fileEncoding = 4; lastKnownFileType = sourcecode.c.objc; path = SDWebImageCompat.m; sourceTree = "<group>"; };
		496C7FD11CFB30B900047906 /* SDWebImageDecoder.h */ = {isa = PBXFileReference; fileEncoding = 4; lastKnownFileType = sourcecode.c.h; path = SDWebImageDecoder.h; sourceTree = "<group>"; };
		496C7FD21CFB30B900047906 /* SDWebImageDecoder.m */ = {isa = PBXFileReference; fileEncoding = 4; lastKnownFileType = sourcecode.c.objc; path = SDWebImageDecoder.m; sourceTree = "<group>"; };
		496C7FD31CFB30B900047906 /* SDWebImageDownloader.h */ = {isa = PBXFileReference; fileEncoding = 4; lastKnownFileType = sourcecode.c.h; path = SDWebImageDownloader.h; sourceTree = "<group>"; };
		496C7FD41CFB30B900047906 /* SDWebImageDownloader.m */ = {isa = PBXFileReference; fileEncoding = 4; lastKnownFileType = sourcecode.c.objc; path = SDWebImageDownloader.m; sourceTree = "<group>"; };
		496C7FD51CFB30B900047906 /* SDWebImageDownloaderOperation.h */ = {isa = PBXFileReference; fileEncoding = 4; lastKnownFileType = sourcecode.c.h; path = SDWebImageDownloaderOperation.h; sourceTree = "<group>"; };
		496C7FD61CFB30B900047906 /* SDWebImageDownloaderOperation.m */ = {isa = PBXFileReference; fileEncoding = 4; lastKnownFileType = sourcecode.c.objc; path = SDWebImageDownloaderOperation.m; sourceTree = "<group>"; };
		496C7FD71CFB30B900047906 /* SDWebImageManager.h */ = {isa = PBXFileReference; fileEncoding = 4; lastKnownFileType = sourcecode.c.h; path = SDWebImageManager.h; sourceTree = "<group>"; };
		496C7FD81CFB30B900047906 /* SDWebImageManager.m */ = {isa = PBXFileReference; fileEncoding = 4; lastKnownFileType = sourcecode.c.objc; path = SDWebImageManager.m; sourceTree = "<group>"; };
		496C7FD91CFB30B900047906 /* SDWebImageOperation.h */ = {isa = PBXFileReference; fileEncoding = 4; lastKnownFileType = sourcecode.c.h; path = SDWebImageOperation.h; sourceTree = "<group>"; };
		496C7FDA1CFB30B900047906 /* SDWebImagePrefetcher.h */ = {isa = PBXFileReference; fileEncoding = 4; lastKnownFileType = sourcecode.c.h; path = SDWebImagePrefetcher.h; sourceTree = "<group>"; };
		496C7FDB1CFB30B900047906 /* SDWebImagePrefetcher.m */ = {isa = PBXFileReference; fileEncoding = 4; lastKnownFileType = sourcecode.c.objc; path = SDWebImagePrefetcher.m; sourceTree = "<group>"; };
		496C7FDC1CFB30B900047906 /* UIButton+WebCache.h */ = {isa = PBXFileReference; fileEncoding = 4; lastKnownFileType = sourcecode.c.h; path = "UIButton+WebCache.h"; sourceTree = "<group>"; };
		496C7FDD1CFB30B900047906 /* UIButton+WebCache.m */ = {isa = PBXFileReference; fileEncoding = 4; lastKnownFileType = sourcecode.c.objc; path = "UIButton+WebCache.m"; sourceTree = "<group>"; };
		496C7FDE1CFB30B900047906 /* UIImage+GIF.h */ = {isa = PBXFileReference; fileEncoding = 4; lastKnownFileType = sourcecode.c.h; path = "UIImage+GIF.h"; sourceTree = "<group>"; };
		496C7FDF1CFB30B900047906 /* UIImage+GIF.m */ = {isa = PBXFileReference; fileEncoding = 4; lastKnownFileType = sourcecode.c.objc; path = "UIImage+GIF.m"; sourceTree = "<group>"; };
		496C7FE01CFB30B900047906 /* UIImage+MultiFormat.h */ = {isa = PBXFileReference; fileEncoding = 4; lastKnownFileType = sourcecode.c.h; path = "UIImage+MultiFormat.h"; sourceTree = "<group>"; };
		496C7FE11CFB30B900047906 /* UIImage+MultiFormat.m */ = {isa = PBXFileReference; fileEncoding = 4; lastKnownFileType = sourcecode.c.objc; path = "UIImage+MultiFormat.m"; sourceTree = "<group>"; };
		496C7FE21CFB30B900047906 /* UIImage+WebP.h */ = {isa = PBXFileReference; fileEncoding = 4; lastKnownFileType = sourcecode.c.h; path = "UIImage+WebP.h"; sourceTree = "<group>"; };
		496C7FE31CFB30B900047906 /* UIImage+WebP.m */ = {isa = PBXFileReference; fileEncoding = 4; lastKnownFileType = sourcecode.c.objc; path = "UIImage+WebP.m"; sourceTree = "<group>"; };
		496C7FE41CFB30B900047906 /* UIImageView+HighlightedWebCache.h */ = {isa = PBXFileReference; fileEncoding = 4; lastKnownFileType = sourcecode.c.h; path = "UIImageView+HighlightedWebCache.h"; sourceTree = "<group>"; };
		496C7FE51CFB30B900047906 /* UIImageView+HighlightedWebCache.m */ = {isa = PBXFileReference; fileEncoding = 4; lastKnownFileType = sourcecode.c.objc; path = "UIImageView+HighlightedWebCache.m"; sourceTree = "<group>"; };
		496C7FE61CFB30B900047906 /* UIImageView+WebCache.h */ = {isa = PBXFileReference; fileEncoding = 4; lastKnownFileType = sourcecode.c.h; path = "UIImageView+WebCache.h"; sourceTree = "<group>"; };
		496C7FE71CFB30B900047906 /* UIImageView+WebCache.m */ = {isa = PBXFileReference; fileEncoding = 4; lastKnownFileType = sourcecode.c.objc; path = "UIImageView+WebCache.m"; sourceTree = "<group>"; };
		496C7FE81CFB30B900047906 /* UIView+WebCacheOperation.h */ = {isa = PBXFileReference; fileEncoding = 4; lastKnownFileType = sourcecode.c.h; path = "UIView+WebCacheOperation.h"; sourceTree = "<group>"; };
		496C7FE91CFB30B900047906 /* UIView+WebCacheOperation.m */ = {isa = PBXFileReference; fileEncoding = 4; lastKnownFileType = sourcecode.c.objc; path = "UIView+WebCacheOperation.m"; sourceTree = "<group>"; };
/* End PBXFileReference section */

/* Begin PBXFrameworksBuildPhase section */
		496C7F711CFB2AE700047906 /* Frameworks */ = {
			isa = PBXFrameworksBuildPhase;
			buildActionMask = 2147483647;
			files = (
			);
			runOnlyForDeploymentPostprocessing = 0;
		};
/* End PBXFrameworksBuildPhase section */

/* Begin PBXGroup section */
		496C7F6B1CFB2AE700047906 = {
			isa = PBXGroup;
			children = (
				496C7F761CFB2AE700047906 /* 异步加载图像 */,
				496C7F751CFB2AE700047906 /* Products */,
			);
			sourceTree = "<group>";
		};
		496C7F751CFB2AE700047906 /* Products */ = {
			isa = PBXGroup;
			children = (
				496C7F741CFB2AE700047906 /* 异步加载图像.app */,
			);
			name = Products;
			sourceTree = "<group>";
		};
		496C7F761CFB2AE700047906 /* 异步加载图像 */ = {
			isa = PBXGroup;
			children = (
				496C7FB91CFB30B900047906 /* ThirdLib */,
				496C7F8E1CFB2E5F00047906 /* Additions */,
				496C7F7A1CFB2AE700047906 /* AppDelegate.h */,
				496C7F7B1CFB2AE700047906 /* AppDelegate.m */,
				496C7F7D1CFB2AE700047906 /* ViewController.h */,
				496C7F7E1CFB2AE700047906 /* ViewController.m */,
				496C7FB41CFB302C00047906 /* AppInfoCell.h */,
				496C7FB51CFB302C00047906 /* AppInfoCell.m */,
				496C7FB61CFB302C00047906 /* AppInfoCell.xib */,
				496C7FB11CFB2F5A00047906 /* AppInfo.h */,
				496C7FB21CFB2F5A00047906 /* AppInfo.m */,
				496C7F801CFB2AE700047906 /* Main.storyboard */,
				496C7F831CFB2AE700047906 /* Assets.xcassets */,
				496C7F851CFB2AE700047906 /* LaunchScreen.storyboard */,
				496C7F881CFB2AE700047906 /* Info.plist */,
				496C7F771CFB2AE700047906 /* Supporting Files */,
			);
			path = "异步加载图像";
			sourceTree = "<group>";
		};
		496C7F771CFB2AE700047906 /* Supporting Files */ = {
			isa = PBXGroup;
			children = (
				496C7F781CFB2AE700047906 /* main.m */,
			);
			name = "Supporting Files";
			sourceTree = "<group>";
		};
		496C7F8E1CFB2E5F00047906 /* Additions */ = {
			isa = PBXGroup;
			children = (
				496C7F8F1CFB2E5F00047906 /* CZAdditions.h */,
				496C7F901CFB2E5F00047906 /* NSArray+CZAddition.h */,
				496C7F911CFB2E5F00047906 /* NSArray+CZAddition.m */,
				496C7F921CFB2E5F00047906 /* NSArray+Log.h */,
				496C7F931CFB2E5F00047906 /* NSArray+Log.m */,
				496C7F941CFB2E5F00047906 /* NSAttributedString+CZAdditon.h */,
				496C7F951CFB2E5F00047906 /* NSAttributedString+CZAdditon.m */,
				496C7F961CFB2E5F00047906 /* NSObject+CZAddition.h */,
				496C7F971CFB2E5F00047906 /* NSObject+CZAddition.m */,
				496C7F981CFB2E5F00047906 /* NSString+Hash.h */,
				496C7F991CFB2E5F00047906 /* NSString+Hash.m */,
				496C7F9A1CFB2E5F00047906 /* UIButton+CZAddition.h */,
				496C7F9B1CFB2E5F00047906 /* UIButton+CZAddition.m */,
				496C7F9C1CFB2E5F00047906 /* UIColor+CZAddition.h */,
				496C7F9D1CFB2E5F00047906 /* UIColor+CZAddition.m */,
				496C7F9E1CFB2E5F00047906 /* UILabel+CZAddition.h */,
				496C7F9F1CFB2E5F00047906 /* UILabel+CZAddition.m */,
				496C7FA01CFB2E5F00047906 /* UIScreen+CZAddition.h */,
				496C7FA11CFB2E5F00047906 /* UIScreen+CZAddition.m */,
				496C7FA21CFB2E5F00047906 /* UIView+CZAddition.h */,
				496C7FA31CFB2E5F00047906 /* UIView+CZAddition.m */,
				496C7FA41CFB2E5F00047906 /* UIViewController+CZAddition.h */,
				496C7FA51CFB2E5F00047906 /* UIViewController+CZAddition.m */,
			);
			path = Additions;
			sourceTree = "<group>";
		};
		496C7FB91CFB30B900047906 /* ThirdLib */ = {
			isa = PBXGroup;
			children = (
				496C7FBA1CFB30B900047906 /* AFNetworking */,
				496C7FC81CFB30B900047906 /* SDWebImage */,
			);
			path = ThirdLib;
			sourceTree = "<group>";
		};
		496C7FBA1CFB30B900047906 /* AFNetworking */ = {
			isa = PBXGroup;
			children = (
				496C7FBB1CFB30B900047906 /* AFHTTPSessionManager.h */,
				496C7FBC1CFB30B900047906 /* AFHTTPSessionManager.m */,
				496C7FBD1CFB30B900047906 /* AFNetworking.h */,
				496C7FBE1CFB30B900047906 /* AFNetworkReachabilityManager.h */,
				496C7FBF1CFB30B900047906 /* AFNetworkReachabilityManager.m */,
				496C7FC01CFB30B900047906 /* AFSecurityPolicy.h */,
				496C7FC11CFB30B900047906 /* AFSecurityPolicy.m */,
				496C7FC21CFB30B900047906 /* AFURLRequestSerialization.h */,
				496C7FC31CFB30B900047906 /* AFURLRequestSerialization.m */,
				496C7FC41CFB30B900047906 /* AFURLResponseSerialization.h */,
				496C7FC51CFB30B900047906 /* AFURLResponseSerialization.m */,
				496C7FC61CFB30B900047906 /* AFURLSessionManager.h */,
				496C7FC71CFB30B900047906 /* AFURLSessionManager.m */,
			);
			path = AFNetworking;
			sourceTree = "<group>";
		};
		496C7FC81CFB30B900047906 /* SDWebImage */ = {
			isa = PBXGroup;
			children = (
				496C7FC91CFB30B900047906 /* MKAnnotationView+WebCache.h */,
				496C7FCA1CFB30B900047906 /* MKAnnotationView+WebCache.m */,
				496C7FCB1CFB30B900047906 /* NSData+ImageContentType.h */,
				496C7FCC1CFB30B900047906 /* NSData+ImageContentType.m */,
				496C7FCD1CFB30B900047906 /* SDImageCache.h */,
				496C7FCE1CFB30B900047906 /* SDImageCache.m */,
				496C7FCF1CFB30B900047906 /* SDWebImageCompat.h */,
				496C7FD01CFB30B900047906 /* SDWebImageCompat.m */,
				496C7FD11CFB30B900047906 /* SDWebImageDecoder.h */,
				496C7FD21CFB30B900047906 /* SDWebImageDecoder.m */,
				496C7FD31CFB30B900047906 /* SDWebImageDownloader.h */,
				496C7FD41CFB30B900047906 /* SDWebImageDownloader.m */,
				496C7FD51CFB30B900047906 /* SDWebImageDownloaderOperation.h */,
				496C7FD61CFB30B900047906 /* SDWebImageDownloaderOperation.m */,
				496C7FD71CFB30B900047906 /* SDWebImageManager.h */,
				496C7FD81CFB30B900047906 /* SDWebImageManager.m */,
				496C7FD91CFB30B900047906 /* SDWebImageOperation.h */,
				496C7FDA1CFB30B900047906 /* SDWebImagePrefetcher.h */,
				496C7FDB1CFB30B900047906 /* SDWebImagePrefetcher.m */,
				496C7FDC1CFB30B900047906 /* UIButton+WebCache.h */,
				496C7FDD1CFB30B900047906 /* UIButton+WebCache.m */,
				496C7FDE1CFB30B900047906 /* UIImage+GIF.h */,
				496C7FDF1CFB30B900047906 /* UIImage+GIF.m */,
				496C7FE01CFB30B900047906 /* UIImage+MultiFormat.h */,
				496C7FE11CFB30B900047906 /* UIImage+MultiFormat.m */,
				496C7FE21CFB30B900047906 /* UIImage+WebP.h */,
				496C7FE31CFB30B900047906 /* UIImage+WebP.m */,
				496C7FE41CFB30B900047906 /* UIImageView+HighlightedWebCache.h */,
				496C7FE51CFB30B900047906 /* UIImageView+HighlightedWebCache.m */,
				496C7FE61CFB30B900047906 /* UIImageView+WebCache.h */,
				496C7FE71CFB30B900047906 /* UIImageView+WebCache.m */,
				496C7FE81CFB30B900047906 /* UIView+WebCacheOperation.h */,
				496C7FE91CFB30B900047906 /* UIView+WebCacheOperation.m */,
			);
			path = SDWebImage;
			sourceTree = "<group>";
		};
/* End PBXGroup section */

/* Begin PBXNativeTarget section */
		496C7F731CFB2AE700047906 /* 异步加载图像 */ = {
			isa = PBXNativeTarget;
			buildConfigurationList = 496C7F8B1CFB2AE700047906 /* Build configuration list for PBXNativeTarget "异步加载图像" */;
			buildPhases = (
				496C7F701CFB2AE700047906 /* Sources */,
				496C7F711CFB2AE700047906 /* Frameworks */,
				496C7F721CFB2AE700047906 /* Resources */,
			);
			buildRules = (
			);
			dependencies = (
			);
			name = "异步加载图像";
			productName = "异步加载图像";
			productReference = 496C7F741CFB2AE700047906 /* 异步加载图像.app */;
			productType = "com.apple.product-type.application";
		};
/* End PBXNativeTarget section */

/* Begin PBXProject section */
		496C7F6C1CFB2AE700047906 /* Project object */ = {
			isa = PBXProject;
			attributes = {
				LastUpgradeCheck = 0730;
				ORGANIZATIONNAME = fengjun;
				TargetAttributes = {
					496C7F731CFB2AE700047906 = {
						CreatedOnToolsVersion = 7.3.1;
					};
				};
			};
			buildConfigurationList = 496C7F6F1CFB2AE700047906 /* Build configuration list for PBXProject "异步加载图像" */;
			compatibilityVersion = "Xcode 3.2";
			developmentRegion = English;
			hasScannedForEncodings = 0;
			knownRegions = (
				en,
				Base,
			);
			mainGroup = 496C7F6B1CFB2AE700047906;
			productRefGroup = 496C7F751CFB2AE700047906 /* Products */;
			projectDirPath = "";
			projectRoot = "";
			targets = (
				496C7F731CFB2AE700047906 /* 异步加载图像 */,
			);
		};
/* End PBXProject section */

/* Begin PBXResourcesBuildPhase section */
		496C7F721CFB2AE700047906 /* Resources */ = {
			isa = PBXResourcesBuildPhase;
			buildActionMask = 2147483647;
			files = (
				496C7F871CFB2AE700047906 /* LaunchScreen.storyboard in Resources */,
				496C7FB81CFB302C00047906 /* AppInfoCell.xib in Resources */,
				496C7F841CFB2AE700047906 /* Assets.xcassets in Resources */,
				496C7F821CFB2AE700047906 /* Main.storyboard in Resources */,
			);
			runOnlyForDeploymentPostprocessing = 0;
		};
/* End PBXResourcesBuildPhase section */

/* Begin PBXSourcesBuildPhase section */
		496C7F701CFB2AE700047906 /* Sources */ = {
			isa = PBXSourcesBuildPhase;
			buildActionMask = 2147483647;
			files = (
				496C7FFA1CFB30B900047906 /* UIImage+GIF.m in Sources */,
				496C7FB31CFB2F5A00047906 /* AppInfo.m in Sources */,
				496C7FAC1CFB2E5F00047906 /* UIColor+CZAddition.m in Sources */,
				496C7FA71CFB2E5F00047906 /* NSArray+Log.m in Sources */,
				496C7FAA1CFB2E5F00047906 /* NSString+Hash.m in Sources */,
				496C7F7F1CFB2AE700047906 /* ViewController.m in Sources */,
				496C7FF91CFB30B900047906 /* UIButton+WebCache.m in Sources */,
				496C7FB71CFB302C00047906 /* AppInfoCell.m in Sources */,
				496C7FFB1CFB30B900047906 /* UIImage+MultiFormat.m in Sources */,
				496C7FA81CFB2E5F00047906 /* NSAttributedString+CZAdditon.m in Sources */,
				496C7FF41CFB30B900047906 /* SDWebImageDecoder.m in Sources */,
				496C7FED1CFB30B900047906 /* AFURLRequestSerialization.m in Sources */,
				496C7FFE1CFB30B900047906 /* UIImageView+WebCache.m in Sources */,
				496C7FAB1CFB2E5F00047906 /* UIButton+CZAddition.m in Sources */,
				496C7FEC1CFB30B900047906 /* AFSecurityPolicy.m in Sources */,
				496C7FF11CFB30B900047906 /* NSData+ImageContentType.m in Sources */,
				496C7FF51CFB30B900047906 /* SDWebImageDownloader.m in Sources */,
				496C7FAF1CFB2E5F00047906 /* UIView+CZAddition.m in Sources */,
				496C7F7C1CFB2AE700047906 /* AppDelegate.m in Sources */,
				496C7FFD1CFB30B900047906 /* UIImageView+HighlightedWebCache.m in Sources */,
				496C7FEB1CFB30B900047906 /* AFNetworkReachabilityManager.m in Sources */,
				496C7FAD1CFB2E5F00047906 /* UILabel+CZAddition.m in Sources */,
				496C7FA91CFB2E5F00047906 /* NSObject+CZAddition.m in Sources */,
				496C7FEF1CFB30B900047906 /* AFURLSessionManager.m in Sources */,
				496C7FFF1CFB30B900047906 /* UIView+WebCacheOperation.m in Sources */,
				496C7FF31CFB30B900047906 /* SDWebImageCompat.m in Sources */,
				496C7F791CFB2AE700047906 /* main.m in Sources */,
				496C7FF01CFB30B900047906 /* MKAnnotationView+WebCache.m in Sources */,
				496C7FB01CFB2E5F00047906 /* UIViewController+CZAddition.m in Sources */,
				496C7FAE1CFB2E5F00047906 /* UIScreen+CZAddition.m in Sources */,
				496C7FF81CFB30B900047906 /* SDWebImagePrefetcher.m in Sources */,
				496C7FEA1CFB30B900047906 /* AFHTTPSessionManager.m in Sources */,
				496C7FF61CFB30B900047906 /* SDWebImageDownloaderOperation.m in Sources */,
				496C7FEE1CFB30B900047906 /* AFURLResponseSerialization.m in Sources */,
				496C7FF71CFB30B900047906 /* SDWebImageManager.m in Sources */,
				496C7FFC1CFB30B900047906 /* UIImage+WebP.m in Sources */,
				496C7FA61CFB2E5F00047906 /* NSArray+CZAddition.m in Sources */,
				496C7FF21CFB30B900047906 /* SDImageCache.m in Sources */,
			);
			runOnlyForDeploymentPostprocessing = 0;
		};
/* End PBXSourcesBuildPhase section */

/* Begin PBXVariantGroup section */
		496C7F801CFB2AE700047906 /* Main.storyboard */ = {
			isa = PBXVariantGroup;
			children = (
				496C7F811CFB2AE700047906 /* Base */,
			);
			name = Main.storyboard;
			sourceTree = "<group>";
		};
		496C7F851CFB2AE700047906 /* LaunchScreen.storyboard */ = {
			isa = PBXVariantGroup;
			children = (
				496C7F861CFB2AE700047906 /* Base */,
			);
			name = LaunchScreen.storyboard;
			sourceTree = "<group>";
		};
/* End PBXVariantGroup section */

/* Begin XCBuildConfiguration section */
		496C7F891CFB2AE700047906 /* Debug */ = {
			isa = XCBuildConfiguration;
			buildSettings = {
				ALWAYS_SEARCH_USER_PATHS = NO;
				CLANG_ANALYZER_NONNULL = YES;
				CLANG_CXX_LANGUAGE_STANDARD = "gnu++0x";
				CLANG_CXX_LIBRARY = "libc++";
				CLANG_ENABLE_MODULES = YES;
				CLANG_ENABLE_OBJC_ARC = YES;
				CLANG_WARN_BOOL_CONVERSION = YES;
				CLANG_WARN_CONSTANT_CONVERSION = YES;
				CLANG_WARN_DIRECT_OBJC_ISA_USAGE = YES_ERROR;
				CLANG_WARN_EMPTY_BODY = YES;
				CLANG_WARN_ENUM_CONVERSION = YES;
				CLANG_WARN_INT_CONVERSION = YES;
				CLANG_WARN_OBJC_ROOT_CLASS = YES_ERROR;
				CLANG_WARN_UNREACHABLE_CODE = YES;
				CLANG_WARN__DUPLICATE_METHOD_MATCH = YES;
				"CODE_SIGN_IDENTITY[sdk=iphoneos*]" = "iPhone Developer";
				COPY_PHASE_STRIP = NO;
				DEBUG_INFORMATION_FORMAT = dwarf;
				ENABLE_STRICT_OBJC_MSGSEND = YES;
				ENABLE_TESTABILITY = YES;
				GCC_C_LANGUAGE_STANDARD = gnu99;
				GCC_DYNAMIC_NO_PIC = NO;
				GCC_NO_COMMON_BLOCKS = YES;
				GCC_OPTIMIZATION_LEVEL = 0;
				GCC_PREPROCESSOR_DEFINITIONS = (
					"DEBUG=1",
					"$(inherited)",
				);
				GCC_WARN_64_TO_32_BIT_CONVERSION = YES;
				GCC_WARN_ABOUT_RETURN_TYPE = YES_ERROR;
				GCC_WARN_UNDECLARED_SELECTOR = YES;
				GCC_WARN_UNINITIALIZED_AUTOS = YES_AGGRESSIVE;
				GCC_WARN_UNUSED_FUNCTION = YES;
				GCC_WARN_UNUSED_VARIABLE = YES;
				IPHONEOS_DEPLOYMENT_TARGET = 9.3;
				MTL_ENABLE_DEBUG_INFO = YES;
				ONLY_ACTIVE_ARCH = YES;
				SDKROOT = iphoneos;
			};
			name = Debug;
		};
		496C7F8A1CFB2AE700047906 /* Release */ = {
			isa = XCBuildConfiguration;
			buildSettings = {
				ALWAYS_SEARCH_USER_PATHS = NO;
				CLANG_ANALYZER_NONNULL = YES;
				CLANG_CXX_LANGUAGE_STANDARD = "gnu++0x";
				CLANG_CXX_LIBRARY = "libc++";
				CLANG_ENABLE_MODULES = YES;
				CLANG_ENABLE_OBJC_ARC = YES;
				CLANG_WARN_BOOL_CONVERSION = YES;
				CLANG_WARN_CONSTANT_CONVERSION = YES;
				CLANG_WARN_DIRECT_OBJC_ISA_USAGE = YES_ERROR;
				CLANG_WARN_EMPTY_BODY = YES;
				CLANG_WARN_ENUM_CONVERSION = YES;
				CLANG_WARN_INT_CONVERSION = YES;
				CLANG_WARN_OBJC_ROOT_CLASS = YES_ERROR;
				CLANG_WARN_UNREACHABLE_CODE = YES;
				CLANG_WARN__DUPLICATE_METHOD_MATCH = YES;
				"CODE_SIGN_IDENTITY[sdk=iphoneos*]" = "iPhone Developer";
				COPY_PHASE_STRIP = NO;
				DEBUG_INFORMATION_FORMAT = "dwarf-with-dsym";
				ENABLE_NS_ASSERTIONS = NO;
				ENABLE_STRICT_OBJC_MSGSEND = YES;
				GCC_C_LANGUAGE_STANDARD = gnu99;
				GCC_NO_COMMON_BLOCKS = YES;
				GCC_WARN_64_TO_32_BIT_CONVERSION = YES;
				GCC_WARN_ABOUT_RETURN_TYPE = YES_ERROR;
				GCC_WARN_UNDECLARED_SELECTOR = YES;
				GCC_WARN_UNINITIALIZED_AUTOS = YES_AGGRESSIVE;
				GCC_WARN_UNUSED_FUNCTION = YES;
				GCC_WARN_UNUSED_VARIABLE = YES;
				IPHONEOS_DEPLOYMENT_TARGET = 9.3;
				MTL_ENABLE_DEBUG_INFO = NO;
				SDKROOT = iphoneos;
				VALIDATE_PRODUCT = YES;
			};
			name = Release;
		};
		496C7F8C1CFB2AE700047906 /* Debug */ = {
			isa = XCBuildConfiguration;
			buildSettings = {
				ASSETCATALOG_COMPILER_APPICON_NAME = AppIcon;
				INFOPLIST_FILE = "异步加载图像/Info.plist";
				LD_RUNPATH_SEARCH_PATHS = "$(inherited) @executable_path/Frameworks";
				PRODUCT_BUNDLE_IDENTIFIER = "com.fengjun.------";
				PRODUCT_NAME = "$(TARGET_NAME)";
			};
			name = Debug;
		};
		496C7F8D1CFB2AE700047906 /* Release */ = {
			isa = XCBuildConfiguration;
			buildSettings = {
				ASSETCATALOG_COMPILER_APPICON_NAME = AppIcon;
				INFOPLIST_FILE = "异步加载图像/Info.plist";
				LD_RUNPATH_SEARCH_PATHS = "$(inherited) @executable_path/Frameworks";
				PRODUCT_BUNDLE_IDENTIFIER = "com.fengjun.------";
				PRODUCT_NAME = "$(TARGET_NAME)";
			};
			name = Release;
		};
/* End XCBuildConfiguration section */

/* Begin XCConfigurationList section */
		496C7F6F1CFB2AE700047906 /* Build configuration list for PBXProject "异步加载图像" */ = {
			isa = XCConfigurationList;
			buildConfigurations = (
				496C7F891CFB2AE700047906 /* Debug */,
				496C7F8A1CFB2AE700047906 /* Release */,
			);
			defaultConfigurationIsVisible = 0;
			defaultConfigurationName = Release;
		};
		496C7F8B1CFB2AE700047906 /* Build configuration list for PBXNativeTarget "异步加载图像" */ = {
			isa = XCConfigurationList;
			buildConfigurations = (
				496C7F8C1CFB2AE700047906 /* Debug */,
				496C7F8D1CFB2AE700047906 /* Release */,
			);
			defaultConfigurationIsVisible = 0;
		};
/* End XCConfigurationList section */
	};
	rootObject = 496C7F6C1CFB2AE700047906 /* Project object */;
}
